{
  "name": "@parley/stub-agent",
  "version": "0.1.0",
  "lockfileVersion": 3,
  "requires": true,
  "packages": {
    "": {
      "name": "@parley/stub-agent",
      "version": "0.1.0",
      "bin": {
        "parley-stub-agent": "bin/start.mjs"
      },
      "engines": {
        "node": ">=18"
      }
    }
  }
}
